
Microsoft Visual Studio Solution File, Format Version 12.00
# Visual Studio Version 17
VisualStudioVersion = 17.11.35327.3
MinimumVisualStudioVersion = 10.0.40219.1
Project("{FAE04EC0-301F-11D3-BF4B-00C04F79EFBC}") = "DataMartBuilder", "DataMartBuilder\DataMartBuilder.csproj", "{3CC62E55-D02F-49C1-B5C8-82B504F40F4A}"
EndProject
Global
	GlobalSection(SolutionConfigurationPlatforms) = preSolution
		Debug|Any CPU = Debug|Any CPU
		Release|Any CPU = Release|Any CPU
	EndGlobalSection
	GlobalSection(ProjectConfigurationPlatforms) = postSolution
		{3CC62E55-D02F-49C1-B5C8-82B504F40F4A}.Debug|Any CPU.ActiveCfg = Debug|Any CPU
		{3CC62E55-D02F-49C1-B5C8-82B504F40F4A}.Debug|Any CPU.Build.0 = Debug|Any CPU
		{3CC62E55-D02F-49C1-B5C8-82B504F40F4A}.Release|Any CPU.ActiveCfg = Release|Any CPU
		{3CC62E55-D02F-49C1-B5C8-82B504F40F4A}.Release|Any CPU.Build.0 = Release|Any CPU
	EndGlobalSection
	GlobalSection(SolutionProperties) = preSolution
		HideSolutionNode = FALSE
	EndGlobalSection
	GlobalSection(ExtensibilityGlobals) = postSolution
		SolutionGuid = {82726B32-DD24-4B76-BF4C-1E5089ABACBD}
	EndGlobalSection
EndGlobal
